# Generated by publish_skills.py --apply. Do not edit by hand.
# sha256 of each GENERATED public SKILL.md. Public-authored skills are absent by design.
anti-slop-git-writing 527bbec6ca194ea84e76cf363a771daf205eabe3760a1fe6660cbce5b2ba4a2f
bible-study dfdfff9f8a1868ef51f0c137fbf819cece668304016a233ca65f8b6ee45de825
church-bulletin-to-obsidian b17c98a3c68b879a3660504877fa80945c8e4e38b2abdce002d179ee66dbff27
codex-first 96913d8f86dc46f89875aa3e3ae6035a998c3014cf386ec77c0812733d4dd504
credit-routing 60041384c2a9f12832093c38828c180a1e469638f494e58e55eaa9d95146a3bc
decision-sync e0cac66c76d820e7f95319660d76f1eb502b71a7330c06208680cf48844d2745
devrel-engine 348b631459a81a15d91b607066a62c76fba7375ecca53ed5af14af8eb4dfac0e
email-draft-review 5aeff6b7251c7d770c7841aae662d38ceec6597fe725ee371551c29bcfa415ee
field-notes-draft 5ca689ee0c8da8dc8361f15671951f7ec23ee0e86ebe3c7a65784e14a2368d6a
gatherer 0fd73efd0c6a051a40b53603cf70bbe8c06fb66a0c0379f8ecebe2d4dd8dd5f4
github-profile 2463c10a535d8e04e18ebfc753161769e591a09420773d9ad80bd697390ab6b0
github-repo 6a6b2ad3956797d40c401f7f0c30555325abc623036ee3b6a78a4b51f997c2bc
learning-path d9ace64821a4d03e9c544a396da7642c703df1b882e69ca55d7061e7a27ee7a5
lmk 6f26999f3fddcabe905e993bc33585b758661075dc4a0ed7030c338c53cb6f33
loop-template fb287e4bc9fb193098823de258a66ad9719fd1692022148d5028c6ef8551962e
obsid-link-builder 10bfe3ca30a36a5d16ae3c5f29a7631269226e2af815d4be830d90f78f8a1da5
ollie 3d868ab42c91a9c1876186e7b20c402772a80fa74145a693392e15844335a919
plaud 8224489e99ea2e6c815d4dd9c6b5c0c9926c29a8094eb84f244e80dbdda108ec
prop-for-that c381493230dc1029b078fa36192aec331200327fed87d73364ad97c90a120ef4
readwise-deep-read 53adf2f805e5601f85816c280daeb38e88a99d376f7f3a6c52491a7a7acb2671
readwise-synthesis-pass 3fbd428cc5bed1575d900a7b3b4c5ae4449f744ddf8249d09fc1ab4d6b677a77
site-health-audit 3e47dd21679fc42727fb8aa141b0c0618a69d42f0112d60be5e831e02c44cd71
skill-sync d90cca7dfa8d799ca08cc0e79a339f328c7dd380e202cdd3b15d913eee91ab4e
synthesis-backlog d93fb15adc94618163e2d7356c23132b7c8f815d761d9b6d0593f722ed2ab59e
technical-writing 11f603439c59d37ef635bb1a8cb15a9f5e6a731724f7df32db8e3a146441cdb1
things-obsidian-sync 2483e7873b37a6802b9562f59dff8bf58ee90207f281b44fca78f5e05e8300a9
transcript-processing 748167b5e7493e6e38b9daaa194ea76018c5cf2b506a4a4402f2e069ade8558b
vault-hygiene-checker 8f65b664dabf17bdde263dbff5413009a0fdc0afebdaffbd07e7f217cad3de0e
website-audit a4b39af762f6dd4f063a6e23d4fc23eaba362b568cb708686bbd456a9f53fc8a
