# Generated by publish_skills.py --apply. Do not edit by hand.
# sha256 of every GENERATED public file, SKILL.md and supporting files alike.
# A trailing 'x' marks an executable file. Public-authored, excluded and runtime
# files are absent by design -- their absence is what protects them.
anti-slop-git-writing/SKILL.md 527bbec6ca194ea84e76cf363a771daf205eabe3760a1fe6660cbce5b2ba4a2f
anti-slop-git-writing/references/style-guide.md 4f2791aaaef32f19f7be0f4649126d908ee1d691c574ce7d5386b4b8a8ffeaa5
anti-slop-git-writing/references/templates.md 60ea68effcdd5ea7ba057884695609318b92e40069de04ef1e13b28ceb408178
bible-study/SKILL.md dfdfff9f8a1868ef51f0c137fbf819cece668304016a233ca65f8b6ee45de825
church-bulletin-to-obsidian/SKILL.md b17c98a3c68b879a3660504877fa80945c8e4e38b2abdce002d179ee66dbff27
church-bulletin-to-obsidian/examples/sample-output.md e0cf8b8d397009a9f03f0572a555c2ee6ed3a32781bdb58221155492c5f3614e
church-bulletin-to-obsidian/references/abbreviation-mappings.md e8b0d0240bcd6571947272fd72e9680dda26605aeea5387f4cf8cbbe8c2c5217
church-bulletin-to-obsidian/references/bible-linker-syntax.md 274af6f878cf70f9a6dbcaf8922fff4b463290a205f1f908bc7cdba687c74d47
church-bulletin-to-obsidian/references/bulletin-extraction.md 2449797fd573cd78ee7010624e3bba58edc776df06d39720854aa6eb3ee0e2f0
church-bulletin-to-obsidian/references/document-structure.md dd68ca2bc187e752c59ef4f1a621cd26cd048d12fa784706e66aaf4c7e1c4e2f
church-bulletin-to-obsidian/references/edge-cases.md 8103cc4f1e4ae751e9922323f0d07c51858500935b6d2d348381edf8dc2245a2
church-bulletin-to-obsidian/references/hymn-lyrics.md f49a708da6c1c23917d46f657408424c1f28f21ff7948ce91760065d91e86770
church-bulletin-to-obsidian/references/liturgical-calendar.md ded58575fae99b62b1ddfa791f691ac8516e0b23a23ef3dc8798fd0a237941ca
church-bulletin-to-obsidian/references/notebooklm-source.md 88817d6f9d85b007c3d16577b9822209a17bbb7873ed51ed13beef3fe1ef8583
church-bulletin-to-obsidian/references/quality-checklist.md 6776173042f61c191591045f5aec28266b4a8abc2d1713af809982e4d4f04daa
codex-first/SKILL.md 96913d8f86dc46f89875aa3e3ae6035a998c3014cf386ec77c0812733d4dd504
credit-routing/SKILL.md 60041384c2a9f12832093c38828c180a1e469638f494e58e55eaa9d95146a3bc
credit-routing/references/delegation-template.md e6489316ae230b85038a5c82b6eafa31bf55d6367571a0ad15b6c70273f33b0d
credit-routing/references/unknowns-and-context.md e29ecddadaa9c202c7c83bb771e6504b9b6a258a2387102430cc191251ff489a
credit-routing/references/verification-checklist.md fa0f240b2e09285999265c4c884b33731e60b8d765ae8ae0e568179c5aec7d12
decision-sync/SKILL.md e0cac66c76d820e7f95319660d76f1eb502b71a7330c06208680cf48844d2745
devrel-engine/SKILL.md 348b631459a81a15d91b607066a62c76fba7375ecca53ed5af14af8eb4dfac0e
devrel-engine/references/community-ops.md 6a7bf6abe1e0d4a18359a7192e10e2db9969f71610ef569f6cdc43de4daaae40
devrel-engine/references/craft.md 7b0178dcd46fe6698865ec17d1b1b2d449834ff12692fb7019648e850b63f81c
devrel-engine/references/metrics-and-health.md 36c56bf2aa4c205ea44b9341812e6bb2bd357bf91140337f8425b1f7fa931818
devrel-engine/references/output-formats.md fec730c81c1ae9825917409f9c30ecd58e1a325da71eca9a112373d63a486e7c
email-draft-review/SKILL.md 5aeff6b7251c7d770c7841aae662d38ceec6597fe725ee371551c29bcfa415ee
field-notes-draft/SKILL.md 212be6817d5cd7e3c967860876ce074c223ef958e98233bd24979e992de89211
gatherer/SKILL.md 0fd73efd0c6a051a40b53603cf70bbe8c06fb66a0c0379f8ecebe2d4dd8dd5f4
gatherer/trac-watchlist.txt f136e9d4be8ca74003a2283a66daba4f97429db66f3092bbf1aa4b3693a54d65
github-profile/SKILL.md 2463c10a535d8e04e18ebfc753161769e591a09420773d9ad80bd697390ab6b0
github-repo/SKILL.md 6a6b2ad3956797d40c401f7f0c30555325abc623036ee3b6a78a4b51f997c2bc
learning-path/SKILL.md d9ace64821a4d03e9c544a396da7642c703df1b882e69ca55d7061e7a27ee7a5
lmk/SKILL.md 6f26999f3fddcabe905e993bc33585b758661075dc4a0ed7030c338c53cb6f33
lmk/scripts/lmk-notify.sh 20f815f405e7c7678e81c5b2d4f029f5b04fc4baac1132c2664966093852fee1 x
loop-template/SKILL.md fb287e4bc9fb193098823de258a66ad9719fd1692022148d5028c6ef8551962e
obsid-link-builder/SKILL.md 10bfe3ca30a36a5d16ae3c5f29a7631269226e2af815d4be830d90f78f8a1da5
obsid-link-builder/scripts/build_obsid_link.sh 6ccf62c411d6ab24796718a16c0c3a1da66cd07896b03b56b2c72754f9835c33 x
ollie/SKILL.md 3d868ab42c91a9c1876186e7b20c402772a80fa74145a693392e15844335a919
ollie/references/abilities-tools.md fb3ce3e40e522c6fec425aaf75a26d9b7c4a838572ad7bd31df2327e39a5f390
ollie/references/block-markup.md 675de7cf6c1cd83058696b3df4a448fc3bc85c099152d6475dd426b9d960bca8
ollie/references/button-styles.md 000a5d524060df0f9ef01812adfefd365696dd04b4733dedfef91409af210c8d
ollie/references/color-system.md 5180ed850a202903e155af0468860db275b0362a66ebef718191bd4d553d48f3
ollie/references/guardrails-validation.md 6b2b0d4503a31e13d82dcb2336e05014fc07e489ff046e1f2eb3c19eb20b06e0
ollie/references/page-creation-workflows.md 6295a4a9e98210e477cb09ee4d226e187840db1835fd62ff129f6c2d56654b59
ollie/references/spacing-borders-shadows.md 571d4cd5465f754be0192e46861a2aacec0b44c5d49ba1464577f5190eb8d764
ollie/references/style-variations.md 64e75e3dc019d75b8e110e6ff78ddee4d9d5dc003d2cecebc21a5802301f4dfc
ollie/references/tool-decision-tree.md a65e951e6ef4bdf621acddbeae0abfd761eb9579144021aa6e3b7ddfa4af42d9
ollie/references/typography.md db2529b77afdeb47bce3979404065537a56bc5fe5909ac80b47330b740041589
ollie/references/workflow-rules.md c479b52dfdfd04e81b28b6fbad2e3f0bd1a55c025ffc5123e520393441d6e723
plaud/SKILL.md 8224489e99ea2e6c815d4dd9c6b5c0c9926c29a8094eb84f244e80dbdda108ec
prop-for-that/SKILL.md c381493230dc1029b078fa36192aec331200327fed87d73364ad97c90a120ef4
prop-for-that/reference.md 7ae88f2f904a8d695b81717e58c43806f29def3541ed04b7105859faed1d8312
readwise-deep-read/SKILL.md 53adf2f805e5601f85816c280daeb38e88a99d376f7f3a6c52491a7a7acb2671
readwise-deep-read/article_template.txt 8bce180816f5f539a0260edea8366dcba99ba1f89d35a0e257a4249cab7b8573
readwise-deep-read/backfill_tags.py f88db545f0435a83397ce154671e418998c6323128d23f3ee7f8e70abce33bed x
readwise-deep-read/create_video_doc.py 3aa946383470bbe73eb88720244be537ff3c6108d9a8a17c677c86be847bf7f5
readwise-deep-read/push_notes.py f602fbc4f356ba4a862e1b8adda30685eff7188be8282023b42150887d2abacc x
readwise-deep-read/references/master-db-discontinued.md 63dbf0fea9e48bfdfd70f99d29d2bb96a18dbe04e0978cd54efe1ceca4343c4f
readwise-deep-read/references/output-requirements.md a706f2e3585b1d19855c88bb592af121df7b7d76d429e55c310ecaa9dae86f17
readwise-deep-read/references/phase-0-preflight.md 7c20c1d15124c8b994078b3e42380a068b28a3b2ccfa424476cdaffa4f3218c6
readwise-deep-read/references/phase-1-bulk-save.md d595ad8e13ce685b246b675eaa69bc7bca7aa4010892b12291217e34711b07ea
readwise-deep-read/references/phase-3-confirmation-sync.md 5302d5d8ed2b8f7cd505853603af9a213f47a2a622d7b96b4d7b6fa2ec16bc4d
readwise-deep-read/references/phase-4-bulk-mode.md 96e79b59068d7defc8a1531359db8fd7cdcf4d8092b50f1fe5ba8ece816e22f9
readwise-deep-read/references/purpose-and-triggers.md d4f7bd68d6a9ff9d20c349b48f655f2b0c3adcdeaad6a4a79e96240c673311b4
readwise-deep-read/references/reader-api-limitations.md 3f0ab72d519dc7a6bb155cfe6d8aed332926868fb45b6cca12b983df3d9ab6af
readwise-deep-read/references/tags-paths-templates.md e671c719b1052b3e8f3cb58f7bf2f08e88079dd24e61e814731f910e7e1f0ba3
readwise-deep-read/references/troubleshooting.md befb31e1d530a5d9e3f0dc4a49f47be402e500f3d55ab98a6e91998267776c55
readwise-deep-read/references/youtube-subtitle-fallback.md 170252dbf0e01125a6edfd1ff0eba4f370632eb2dfd12a19bae4578d59ebc14e
readwise-deep-read/template_library_reference.md 7d9551b8434f14eee6253972e940c7fe242adbd7014374184d26ce84d31fc9b3
readwise-synthesis-pass/SKILL.md 3fbd428cc5bed1575d900a7b3b4c5ae4449f744ddf8249d09fc1ab4d6b677a77
site-health-audit/SKILL.md 3e47dd21679fc42727fb8aa141b0c0618a69d42f0112d60be5e831e02c44cd71
site-health-audit/references/checks.md cdee0c6900fdbd3485423769ceccde5218b52d1fb9761fe344665b80e082ecdd
site-health-audit/references/quirks.md 87c0428f880fc25f4bf85dc861ff0d6d77d1bde18993f55ebce5bbd39d5f76b4
skill-sync/SKILL.md b5fc96c799704a96a023b7140ebe7f6ceebfd290d25755f921c19b2404505ef8
skill-sync/check_mounts.py 52cc3b487159ee8847b4624191ac24d91b031661c199b5e552d81d44f51cd6f5 x
skill-sync/sync_skills.py 8216394da7e2ca909efecf448ba0cc710acf1f4fe713530777dae841e8b3c864
skill-sync/test_check_mounts.py febabaf01485452fda1d0bb8e0ce9174c32c5201f0ab3cf38a3e27792c69a125
skill-sync/usage_audit.py b3710ad72e7b96e923c8ee797c3794c908aedc4281d08e9bd27b9687080b8c78 x
synthesis-backlog/SKILL.md d93fb15adc94618163e2d7356c23132b7c8f815d761d9b6d0593f722ed2ab59e
technical-writing/SKILL.md 11f603439c59d37ef635bb1a8cb15a9f5e6a731724f7df32db8e3a146441cdb1
technical-writing/references/anti-patterns.md 8d10a2b12a7e22b33cc987ca7ff8de2acf2aa82aca55363d65e029f24bd550be
technical-writing/references/style-guide.md cc671f3353eb9b8d3bc646cd33ef5c3d9c128717bb1c4a91d7a96cd8031dfe41
technical-writing/references/wordpress-docs-style-guide.md 04c182079ddf6d37bc252464d29623c1eff6ca2fa69da4fdb4be7aad44caeb09
technical-writing/references/wordpress-publishing.md 09de7c16c65cc759fdb01a5b43795ffe9eceefef83d29bf4ce36765a2f301c13
technical-writing/scripts/publish-to-wordpress.py 1a808a4a20e20fd8d2693cfff8dd7df065446cb82c99403040e95520ce27b53d
things-obsidian-sync/SKILL.md 807656ec1bca594597d59b4848037b32841769da585cf6a845b51d9ada95a68f
transcript-processing/SKILL.md 748167b5e7493e6e38b9daaa194ea76018c5cf2b506a4a4402f2e069ade8558b
vault-hygiene-checker/SKILL.md 8f65b664dabf17bdde263dbff5413009a0fdc0afebdaffbd07e7f217cad3de0e
website-audit/SKILL.md a4b39af762f6dd4f063a6e23d4fc23eaba362b568cb708686bbd456a9f53fc8a
website-audit/examples/example-audit-excerpt.md 2f3ec9b431bbd45538aa777c3c02362e8594b4843f44db44429b77de811b7882
website-audit/examples/example-intake.md 9b0b2150f863f43ba6875ce32fc5c74f46349955a7af1a34e07726b29928d325
website-audit/references/audit-playbook.md 0a1b9279812f08e9d70e3afdd68bfef686e630ac0919944171d39120a06b7bb0
website-audit/references/intake-and-brief.md d0603e8530fdd43779b725b4da2f98af1a780865473cd98ffd2bcbefff843223
website-audit/references/report-template.md 4a805e4d7d1731cd1c5b04df04ba923b5f791c4e6571096cf3de3eae789228a6
website-audit/references/severity-and-evidence.md 34164c426b9632ec6d0c3526a4d3ba54b59ec1b41e3cb702775a2d133ddfbf69
website-audit/references/site-health-module.md 0fb36dce8e0931aba064bed587cecb12599e52b6cdfef83a31fd8a76be83da75
website-audit/references/skill-routing.md 7c8b0bf84b272b45e5ece5e2f44272d672d8f9da1325e72b1e094a56e413948e
website-audit/references/standards-and-modules.md ffb357899bff71e0e48e858e4115669ff97d909fe4ff57b6b7a1b440a99879b9
website-audit/tests/README.md 8406b4d0b62c5e5f05530e0c6abea1c655c1a153828adeb8c8fa6abafb21d589
website-audit/tests/coverage-test.py 480c2f7c6ae3d9c7159e59f78855d087359a218ec9f04215e0f0589a2f9fa153 x
